// !$*UTF8*$!
{
	archiveVersion = 1;
	classes = {
	};
	objectVersion = 55;
	objects = {

/* Begin PBXBuildFile section */
		097D12D4B67243A2EF18583D /* Pods_PlogTests.framework in Frameworks */ = {isa = PBXBuildFile; fileRef = 23BDD6D08A226BC67D3CA5C8 /* Pods_PlogTests.framework */; };
		88AA055A7226715DE4F3220C /* Pods_Plog_PlogUITests.framework in Frameworks */ = {isa = PBXBuildFile; fileRef = 426F5EAEB1EA8E3A67A04D11 /* Pods_Plog_PlogUITests.framework */; };
		93045253289F945F0094FE7E /* MainGroupListScreen.storyboard in Resources */ = {isa = PBXBuildFile; fileRef = 93045252289F945F0094FE7E /* MainGroupListScreen.storyboard */; };
		93142231288FA55200134564 /* DiscussionPostViewController.swift in Sources */ = {isa = PBXBuildFile; fileRef = 93142230288FA55200134564 /* DiscussionPostViewController.swift */; };
		9314223A288FC8C400134564 /* Groups.swift in Sources */ = {isa = PBXBuildFile; fileRef = 93142239288FC8C400134564 /* Groups.swift */; };
		937C8F8E288FF28B00E0D145 /* MainGroupListView.swift in Sources */ = {isa = PBXBuildFile; fileRef = 937C8F8D288FF28B00E0D145 /* MainGroupListView.swift */; };
		937C8F90288FF2B500E0D145 /* AllGroupListView.swift in Sources */ = {isa = PBXBuildFile; fileRef = 937C8F8F288FF2B500E0D145 /* AllGroupListView.swift */; };
		937C8F92288FF30900E0D145 /* MyGroupListView.swift in Sources */ = {isa = PBXBuildFile; fileRef = 937C8F91288FF30900E0D145 /* MyGroupListView.swift */; };
		937C8F94288FF31D00E0D145 /* GroupCell.swift in Sources */ = {isa = PBXBuildFile; fileRef = 937C8F93288FF31D00E0D145 /* GroupCell.swift */; };
		937C8F96288FF32B00E0D145 /* ComposeGroupView.swift in Sources */ = {isa = PBXBuildFile; fileRef = 937C8F95288FF32B00E0D145 /* ComposeGroupView.swift */; };
		937C8F98288FF33700E0D145 /* JoinGroupView.swift in Sources */ = {isa = PBXBuildFile; fileRef = 937C8F97288FF33700E0D145 /* JoinGroupView.swift */; };
		937C8F9A288FF34600E0D145 /* GroupDetailView.swift in Sources */ = {isa = PBXBuildFile; fileRef = 937C8F99288FF34600E0D145 /* GroupDetailView.swift */; };
		937C8F9C288FF46B00E0D145 /* SideOfTheForce.swift in Sources */ = {isa = PBXBuildFile; fileRef = 937C8F9B288FF46B00E0D145 /* SideOfTheForce.swift */; };
		937C8F9E288FF49600E0D145 /* TextLimiter.swift in Sources */ = {isa = PBXBuildFile; fileRef = 937C8F9D288FF49600E0D145 /* TextLimiter.swift */; };
		937C8FA0288FF4A700E0D145 /* ConvertDayList.swift in Sources */ = {isa = PBXBuildFile; fileRef = 937C8F9F288FF4A700E0D145 /* ConvertDayList.swift */; };
		937C8FA2288FF4B300E0D145 /* ConvertTrashList.swift in Sources */ = {isa = PBXBuildFile; fileRef = 937C8FA1288FF4B300E0D145 /* ConvertTrashList.swift */; };
		937C8FA4288FF53000E0D145 /* ChosenGroup.swift in Sources */ = {isa = PBXBuildFile; fileRef = 937C8FA3288FF53000E0D145 /* ChosenGroup.swift */; };
		937CDB8528A4A1EA00716FB0 /* recyclingData.swift in Sources */ = {isa = PBXBuildFile; fileRef = 937CDB8428A4A1EA00716FB0 /* recyclingData.swift */; };
		937CDB9728A9360F00716FB0 /* FirebaseFirestore in Frameworks */ = {isa = PBXBuildFile; productRef = 937CDB9628A9360F00716FB0 /* FirebaseFirestore */; };
		937CDB9928A9360F00716FB0 /* FirebaseFirestoreSwift in Frameworks */ = {isa = PBXBuildFile; productRef = 937CDB9828A9360F00716FB0 /* FirebaseFirestoreSwift */; };
		93B4903828980126009BAFED /* DiscussionPost.storyboard in Resources */ = {isa = PBXBuildFile; fileRef = 93B4903728980126009BAFED /* DiscussionPost.storyboard */; };
		93C8B1D5289372DF00B196F7 /* KeyboardHandler.swift in Sources */ = {isa = PBXBuildFile; fileRef = 93C8B1D4289372DF00B196F7 /* KeyboardHandler.swift */; };
		D91B22C628A0C03D00E96664 /* RecyclingStation.storyboard in Resources */ = {isa = PBXBuildFile; fileRef = D91B22C528A0C03D00E96664 /* RecyclingStation.storyboard */; };
		D91B22C828A0C06100E96664 /* RecyclingStationViewController.swift in Sources */ = {isa = PBXBuildFile; fileRef = D91B22C728A0C06100E96664 /* RecyclingStationViewController.swift */; };
		D91B22CA28A0CD4900E96664 /* CourseReview.storyboard in Resources */ = {isa = PBXBuildFile; fileRef = D91B22C928A0CD4900E96664 /* CourseReview.storyboard */; };
		D91B22CC28A0CD7B00E96664 /* CourseReviewViewController.swift in Sources */ = {isa = PBXBuildFile; fileRef = D91B22CB28A0CD7B00E96664 /* CourseReviewViewController.swift */; };
		D94F6E5D28AB3CE800668AEA /* dbTest.storyboard in Resources */ = {isa = PBXBuildFile; fileRef = D94F6E5C28AB3CE800668AEA /* dbTest.storyboard */; };
		D94F6E5F28AB403500668AEA /* dbTestViewController.swift in Sources */ = {isa = PBXBuildFile; fileRef = D94F6E5E28AB403500668AEA /* dbTestViewController.swift */; };
		D94F6E6228AB69D400668AEA /* FirebaseAnalytics in Frameworks */ = {isa = PBXBuildFile; productRef = D94F6E6128AB69D400668AEA /* FirebaseAnalytics */; };
		D94F6E6428AB69D400668AEA /* FirebaseAuth in Frameworks */ = {isa = PBXBuildFile; productRef = D94F6E6328AB69D400668AEA /* FirebaseAuth */; };
		D94F6E6628AB69D400668AEA /* FirebaseFirestore in Frameworks */ = {isa = PBXBuildFile; productRef = D94F6E6528AB69D400668AEA /* FirebaseFirestore */; };
		D94F6E6828AB69D400668AEA /* FirebaseFirestoreSwift in Frameworks */ = {isa = PBXBuildFile; productRef = D94F6E6728AB69D400668AEA /* FirebaseFirestoreSwift */; };
		D94F6E6A28AB69D400668AEA /* FirebaseStorage in Frameworks */ = {isa = PBXBuildFile; productRef = D94F6E6928AB69D400668AEA /* FirebaseStorage */; };
		D9822B3A28A0F1A7002CB5EB /* Main.storyboard in Resources */ = {isa = PBXBuildFile; fileRef = D9822B3828A0F1A7002CB5EB /* Main.storyboard */; };
		D9A073E028A090F300A2E023 /* Login.storyboard in Resources */ = {isa = PBXBuildFile; fileRef = D9A073DF28A090F300A2E023 /* Login.storyboard */; };
		D9A073E228A0915500A2E023 /* LoginViewController.swift in Sources */ = {isa = PBXBuildFile; fileRef = D9A073E128A0915500A2E023 /* LoginViewController.swift */; };
		D9A073E428A0988F00A2E023 /* Plogging.storyboard in Resources */ = {isa = PBXBuildFile; fileRef = D9A073E328A0988F00A2E023 /* Plogging.storyboard */; };
		D9A073E828A09DFD00A2E023 /* PloggingViewController.swift in Sources */ = {isa = PBXBuildFile; fileRef = D9A073E728A09DFD00A2E023 /* PloggingViewController.swift */; };
		D9A073EC28A0A60E00A2E023 /* TabBar.storyboard in Resources */ = {isa = PBXBuildFile; fileRef = D9A073EB28A0A60E00A2E023 /* TabBar.storyboard */; };
		D9DA400928B7717700E134D3 /* recyclingData_dalseo.swift in Sources */ = {isa = PBXBuildFile; fileRef = D9DA400828B7717700E134D3 /* recyclingData_dalseo.swift */; };
		DA336421288C4F6500166C6C /* Community.storyboard in Resources */ = {isa = PBXBuildFile; fileRef = DA336420288C4F6500166C6C /* Community.storyboard */; };
		DA336423288C4FFA00166C6C /* ApostDetail.storyboard in Resources */ = {isa = PBXBuildFile; fileRef = DA336422288C4FFA00166C6C /* ApostDetail.storyboard */; };
		DA336427288C506100166C6C /* CourseBoard.storyboard in Resources */ = {isa = PBXBuildFile; fileRef = DA336426288C506100166C6C /* CourseBoard.storyboard */; };
		DA33642C288C56A000166C6C /* CommunityViewController.swift in Sources */ = {isa = PBXBuildFile; fileRef = DA33642B288C56A000166C6C /* CommunityViewController.swift */; };
		DA33642E288C56D300166C6C /* ApostDetailViewController.swift in Sources */ = {isa = PBXBuildFile; fileRef = DA33642D288C56D300166C6C /* ApostDetailViewController.swift */; };
		DA336432288C56F800166C6C /* CourseBoardViewController.swift in Sources */ = {isa = PBXBuildFile; fileRef = DA336431288C56F800166C6C /* CourseBoardViewController.swift */; };
		DA8AD6742885ADC8005D6CDB /* AppDelegate.swift in Sources */ = {isa = PBXBuildFile; fileRef = DA8AD6732885ADC8005D6CDB /* AppDelegate.swift */; };
		DA8AD6762885ADC8005D6CDB /* SceneDelegate.swift in Sources */ = {isa = PBXBuildFile; fileRef = DA8AD6752885ADC8005D6CDB /* SceneDelegate.swift */; };
		DA8AD6782885ADC8005D6CDB /* ViewController.swift in Sources */ = {isa = PBXBuildFile; fileRef = DA8AD6772885ADC8005D6CDB /* ViewController.swift */; };
		DA8AD67D2885ADC9005D6CDB /* Assets.xcassets in Resources */ = {isa = PBXBuildFile; fileRef = DA8AD67C2885ADC9005D6CDB /* Assets.xcassets */; };
		DA8AD6802885ADC9005D6CDB /* LaunchScreen.storyboard in Resources */ = {isa = PBXBuildFile; fileRef = DA8AD67E2885ADC9005D6CDB /* LaunchScreen.storyboard */; };
		DA8AD68B2885ADC9005D6CDB /* PlogTests.swift in Sources */ = {isa = PBXBuildFile; fileRef = DA8AD68A2885ADC9005D6CDB /* PlogTests.swift */; };
		DA8AD6952885ADC9005D6CDB /* PlogUITests.swift in Sources */ = {isa = PBXBuildFile; fileRef = DA8AD6942885ADC9005D6CDB /* PlogUITests.swift */; };
		DA8AD6972885ADC9005D6CDB /* PlogUITestsLaunchTests.swift in Sources */ = {isa = PBXBuildFile; fileRef = DA8AD6962885ADC9005D6CDB /* PlogUITestsLaunchTests.swift */; };
		DA9E860E28AFF24200F08DA3 /* GoogleService-Info.plist in Resources */ = {isa = PBXBuildFile; fileRef = DA9E860D28AFF24200F08DA3 /* GoogleService-Info.plist */; };
		DAA139BB28958AD4007D03F8 /* DiscussionBoardStoryboard.storyboard in Resources */ = {isa = PBXBuildFile; fileRef = DAA139BA28958AD4007D03F8 /* DiscussionBoardStoryboard.storyboard */; };
		DAA139BD28958AF6007D03F8 /* DiscussionBoardViewController.swift in Sources */ = {isa = PBXBuildFile; fileRef = DAA139BC28958AF6007D03F8 /* DiscussionBoardViewController.swift */; };
		DAA139BF28959672007D03F8 /* DiscussionRegister.storyboard in Resources */ = {isa = PBXBuildFile; fileRef = DAA139BE28959672007D03F8 /* DiscussionRegister.storyboard */; };
		DAA139C128959684007D03F8 /* DiscussionRegisterViewController.swift in Sources */ = {isa = PBXBuildFile; fileRef = DAA139C028959684007D03F8 /* DiscussionRegisterViewController.swift */; };
		DADAFC8428B1465A00016F7B /* Weather.swift in Sources */ = {isa = PBXBuildFile; fileRef = DADAFC8328B1465A00016F7B /* Weather.swift */; };
		DADAFC8628B146F400016F7B /* WeatherService.swift in Sources */ = {isa = PBXBuildFile; fileRef = DADAFC8528B146F400016F7B /* WeatherService.swift */; };
		E9AF9627418F6254EC6028BE /* Pods_Plog.framework in Frameworks */ = {isa = PBXBuildFile; fileRef = 41E89DE3870356537BAE4474 /* Pods_Plog.framework */; };
/* End PBXBuildFile section */

/* Begin PBXContainerItemProxy section */
		DA8AD6872885ADC9005D6CDB /* PBXContainerItemProxy */ = {
			isa = PBXContainerItemProxy;
			containerPortal = DA8AD6682885ADC8005D6CDB /* Project object */;
			proxyType = 1;
			remoteGlobalIDString = DA8AD66F2885ADC8005D6CDB;
			remoteInfo = Plog;
		};
		DA8AD6912885ADC9005D6CDB /* PBXContainerItemProxy */ = {
			isa = PBXContainerItemProxy;
			containerPortal = DA8AD6682885ADC8005D6CDB /* Project object */;
			proxyType = 1;
			remoteGlobalIDString = DA8AD66F2885ADC8005D6CDB;
			remoteInfo = Plog;
		};
/* End PBXContainerItemProxy section */

/* Begin PBXFileReference section */
		08573B2F1ECBC405974A995A /* Pods-Plog-PlogUITests.release.xcconfig */ = {isa = PBXFileReference; includeInIndex = 1; lastKnownFileType = text.xcconfig; name = "Pods-Plog-PlogUITests.release.xcconfig"; path = "Target Support Files/Pods-Plog-PlogUITests/Pods-Plog-PlogUITests.release.xcconfig"; sourceTree = "<group>"; };
		0A4FACD04045900C4C574D87 /* Pods-PlogTests.release.xcconfig */ = {isa = PBXFileReference; includeInIndex = 1; lastKnownFileType = text.xcconfig; name = "Pods-PlogTests.release.xcconfig"; path = "Target Support Files/Pods-PlogTests/Pods-PlogTests.release.xcconfig"; sourceTree = "<group>"; };
		23BDD6D08A226BC67D3CA5C8 /* Pods_PlogTests.framework */ = {isa = PBXFileReference; explicitFileType = wrapper.framework; includeInIndex = 0; path = Pods_PlogTests.framework; sourceTree = BUILT_PRODUCTS_DIR; };
		389A06A7B17BC18718521256 /* Pods-Plog.debug.xcconfig */ = {isa = PBXFileReference; includeInIndex = 1; lastKnownFileType = text.xcconfig; name = "Pods-Plog.debug.xcconfig"; path = "Target Support Files/Pods-Plog/Pods-Plog.debug.xcconfig"; sourceTree = "<group>"; };
		41E89DE3870356537BAE4474 /* Pods_Plog.framework */ = {isa = PBXFileReference; explicitFileType = wrapper.framework; includeInIndex = 0; path = Pods_Plog.framework; sourceTree = BUILT_PRODUCTS_DIR; };
		426F5EAEB1EA8E3A67A04D11 /* Pods_Plog_PlogUITests.framework */ = {isa = PBXFileReference; explicitFileType = wrapper.framework; includeInIndex = 0; path = Pods_Plog_PlogUITests.framework; sourceTree = BUILT_PRODUCTS_DIR; };
		6E9821DEF4B02E92A221CBA1 /* Pods-Plog.release.xcconfig */ = {isa = PBXFileReference; includeInIndex = 1; lastKnownFileType = text.xcconfig; name = "Pods-Plog.release.xcconfig"; path = "Target Support Files/Pods-Plog/Pods-Plog.release.xcconfig"; sourceTree = "<group>"; };
		844E62F16F32CC113DCC5D28 /* Pods-PlogTests.debug.xcconfig */ = {isa = PBXFileReference; includeInIndex = 1; lastKnownFileType = text.xcconfig; name = "Pods-PlogTests.debug.xcconfig"; path = "Target Support Files/Pods-PlogTests/Pods-PlogTests.debug.xcconfig"; sourceTree = "<group>"; };
		93045252289F945F0094FE7E /* MainGroupListScreen.storyboard */ = {isa = PBXFileReference; lastKnownFileType = file.storyboard; path = MainGroupListScreen.storyboard; sourceTree = "<group>"; };
		93142230288FA55200134564 /* DiscussionPostViewController.swift */ = {isa = PBXFileReference; lastKnownFileType = sourcecode.swift; path = DiscussionPostViewController.swift; sourceTree = "<group>"; };
		93142239288FC8C400134564 /* Groups.swift */ = {isa = PBXFileReference; lastKnownFileType = sourcecode.swift; path = Groups.swift; sourceTree = "<group>"; };
		937C8F8D288FF28B00E0D145 /* MainGroupListView.swift */ = {isa = PBXFileReference; lastKnownFileType = sourcecode.swift; path = MainGroupListView.swift; sourceTree = "<group>"; };
		937C8F8F288FF2B500E0D145 /* AllGroupListView.swift */ = {isa = PBXFileReference; lastKnownFileType = sourcecode.swift; path = AllGroupListView.swift; sourceTree = "<group>"; };
		937C8F91288FF30900E0D145 /* MyGroupListView.swift */ = {isa = PBXFileReference; lastKnownFileType = sourcecode.swift; path = MyGroupListView.swift; sourceTree = "<group>"; };
		937C8F93288FF31D00E0D145 /* GroupCell.swift */ = {isa = PBXFileReference; lastKnownFileType = sourcecode.swift; path = GroupCell.swift; sourceTree = "<group>"; };
		937C8F95288FF32B00E0D145 /* ComposeGroupView.swift */ = {isa = PBXFileReference; lastKnownFileType = sourcecode.swift; path = ComposeGroupView.swift; sourceTree = "<group>"; };
		937C8F97288FF33700E0D145 /* JoinGroupView.swift */ = {isa = PBXFileReference; lastKnownFileType = sourcecode.swift; path = JoinGroupView.swift; sourceTree = "<group>"; };
		937C8F99288FF34600E0D145 /* GroupDetailView.swift */ = {isa = PBXFileReference; lastKnownFileType = sourcecode.swift; path = GroupDetailView.swift; sourceTree = "<group>"; };
		937C8F9B288FF46B00E0D145 /* SideOfTheForce.swift */ = {isa = PBXFileReference; lastKnownFileType = sourcecode.swift; path = SideOfTheForce.swift; sourceTree = "<group>"; };
		937C8F9D288FF49600E0D145 /* TextLimiter.swift */ = {isa = PBXFileReference; lastKnownFileType = sourcecode.swift; path = TextLimiter.swift; sourceTree = "<group>"; };
		937C8F9F288FF4A700E0D145 /* ConvertDayList.swift */ = {isa = PBXFileReference; lastKnownFileType = sourcecode.swift; path = ConvertDayList.swift; sourceTree = "<group>"; };
		937C8FA1288FF4B300E0D145 /* ConvertTrashList.swift */ = {isa = PBXFileReference; lastKnownFileType = sourcecode.swift; path = ConvertTrashList.swift; sourceTree = "<group>"; };
		937C8FA3288FF53000E0D145 /* ChosenGroup.swift */ = {isa = PBXFileReference; lastKnownFileType = sourcecode.swift; path = ChosenGroup.swift; sourceTree = "<group>"; };
		937CDB8428A4A1EA00716FB0 /* recyclingData.swift */ = {isa = PBXFileReference; lastKnownFileType = sourcecode.swift; path = recyclingData.swift; sourceTree = "<group>"; };
		93B4903728980126009BAFED /* DiscussionPost.storyboard */ = {isa = PBXFileReference; lastKnownFileType = file.storyboard; path = DiscussionPost.storyboard; sourceTree = "<group>"; };
		93C8B1D4289372DF00B196F7 /* KeyboardHandler.swift */ = {isa = PBXFileReference; lastKnownFileType = sourcecode.swift; path = KeyboardHandler.swift; sourceTree = "<group>"; };
		9C96160A7619FAD32B3252CB /* Pods-Plog-PlogUITests.debug.xcconfig */ = {isa = PBXFileReference; includeInIndex = 1; lastKnownFileType = text.xcconfig; name = "Pods-Plog-PlogUITests.debug.xcconfig"; path = "Target Support Files/Pods-Plog-PlogUITests/Pods-Plog-PlogUITests.debug.xcconfig"; sourceTree = "<group>"; };
		D91B22C528A0C03D00E96664 /* RecyclingStation.storyboard */ = {isa = PBXFileReference; lastKnownFileType = file.storyboard; path = RecyclingStation.storyboard; sourceTree = "<group>"; };
		D91B22C728A0C06100E96664 /* RecyclingStationViewController.swift */ = {isa = PBXFileReference; lastKnownFileType = sourcecode.swift; path = RecyclingStationViewController.swift; sourceTree = "<group>"; };
		D91B22C928A0CD4900E96664 /* CourseReview.storyboard */ = {isa = PBXFileReference; lastKnownFileType = file.storyboard; path = CourseReview.storyboard; sourceTree = "<group>"; };
		D91B22CB28A0CD7B00E96664 /* CourseReviewViewController.swift */ = {isa = PBXFileReference; lastKnownFileType = sourcecode.swift; path = CourseReviewViewController.swift; sourceTree = "<group>"; };
		D94F6E5C28AB3CE800668AEA /* dbTest.storyboard */ = {isa = PBXFileReference; lastKnownFileType = file.storyboard; path = dbTest.storyboard; sourceTree = "<group>"; };
		D94F6E5E28AB403500668AEA /* dbTestViewController.swift */ = {isa = PBXFileReference; lastKnownFileType = sourcecode.swift; path = dbTestViewController.swift; sourceTree = "<group>"; };
		D9822B3928A0F1A7002CB5EB /* Base */ = {isa = PBXFileReference; lastKnownFileType = file.storyboard; name = Base; path = Base.lproj/Main.storyboard; sourceTree = "<group>"; };
		D9A073DF28A090F300A2E023 /* Login.storyboard */ = {isa = PBXFileReference; lastKnownFileType = file.storyboard; path = Login.storyboard; sourceTree = "<group>"; };
		D9A073E128A0915500A2E023 /* LoginViewController.swift */ = {isa = PBXFileReference; lastKnownFileType = sourcecode.swift; path = LoginViewController.swift; sourceTree = "<group>"; };
		D9A073E328A0988F00A2E023 /* Plogging.storyboard */ = {isa = PBXFileReference; lastKnownFileType = file.storyboard; path = Plogging.storyboard; sourceTree = "<group>"; };
		D9A073E728A09DFD00A2E023 /* PloggingViewController.swift */ = {isa = PBXFileReference; lastKnownFileType = sourcecode.swift; path = PloggingViewController.swift; sourceTree = "<group>"; };
		D9A073EB28A0A60E00A2E023 /* TabBar.storyboard */ = {isa = PBXFileReference; lastKnownFileType = file.storyboard; path = TabBar.storyboard; sourceTree = "<group>"; };
		D9DA400828B7717700E134D3 /* recyclingData_dalseo.swift */ = {isa = PBXFileReference; lastKnownFileType = sourcecode.swift; path = recyclingData_dalseo.swift; sourceTree = "<group>"; };
		DA336420288C4F6500166C6C /* Community.storyboard */ = {isa = PBXFileReference; lastKnownFileType = file.storyboard; path = Community.storyboard; sourceTree = "<group>"; };
		DA336422288C4FFA00166C6C /* ApostDetail.storyboard */ = {isa = PBXFileReference; lastKnownFileType = file.storyboard; path = ApostDetail.storyboard; sourceTree = "<group>"; };
		DA336426288C506100166C6C /* CourseBoard.storyboard */ = {isa = PBXFileReference; lastKnownFileType = file.storyboard; path = CourseBoard.storyboard; sourceTree = "<group>"; };
		DA33642B288C56A000166C6C /* CommunityViewController.swift */ = {isa = PBXFileReference; lastKnownFileType = sourcecode.swift; name = CommunityViewController.swift; path = Plog/CommunityViewController.swift; sourceTree = SOURCE_ROOT; };
		DA33642D288C56D300166C6C /* ApostDetailViewController.swift */ = {isa = PBXFileReference; lastKnownFileType = sourcecode.swift; path = ApostDetailViewController.swift; sourceTree = "<group>"; };
		DA336431288C56F800166C6C /* CourseBoardViewController.swift */ = {isa = PBXFileReference; lastKnownFileType = sourcecode.swift; path = CourseBoardViewController.swift; sourceTree = "<group>"; };
		DA8AD6702885ADC8005D6CDB /* Plog.app */ = {isa = PBXFileReference; explicitFileType = wrapper.application; includeInIndex = 0; path = Plog.app; sourceTree = BUILT_PRODUCTS_DIR; };
		DA8AD6732885ADC8005D6CDB /* AppDelegate.swift */ = {isa = PBXFileReference; lastKnownFileType = sourcecode.swift; path = AppDelegate.swift; sourceTree = "<group>"; };
		DA8AD6752885ADC8005D6CDB /* SceneDelegate.swift */ = {isa = PBXFileReference; lastKnownFileType = sourcecode.swift; path = SceneDelegate.swift; sourceTree = "<group>"; };
		DA8AD6772885ADC8005D6CDB /* ViewController.swift */ = {isa = PBXFileReference; lastKnownFileType = sourcecode.swift; path = ViewController.swift; sourceTree = "<group>"; };
		DA8AD67C2885ADC9005D6CDB /* Assets.xcassets */ = {isa = PBXFileReference; lastKnownFileType = folder.assetcatalog; path = Assets.xcassets; sourceTree = "<group>"; };
		DA8AD67F2885ADC9005D6CDB /* Base */ = {isa = PBXFileReference; lastKnownFileType = file.storyboard; name = Base; path = Base.lproj/LaunchScreen.storyboard; sourceTree = "<group>"; };
		DA8AD6812885ADC9005D6CDB /* Info.plist */ = {isa = PBXFileReference; lastKnownFileType = text.plist.xml; path = Info.plist; sourceTree = "<group>"; };
		DA8AD6862885ADC9005D6CDB /* PlogTests.xctest */ = {isa = PBXFileReference; explicitFileType = wrapper.cfbundle; includeInIndex = 0; path = PlogTests.xctest; sourceTree = BUILT_PRODUCTS_DIR; };
		DA8AD68A2885ADC9005D6CDB /* PlogTests.swift */ = {isa = PBXFileReference; lastKnownFileType = sourcecode.swift; path = PlogTests.swift; sourceTree = "<group>"; };
		DA8AD6902885ADC9005D6CDB /* PlogUITests.xctest */ = {isa = PBXFileReference; explicitFileType = wrapper.cfbundle; includeInIndex = 0; path = PlogUITests.xctest; sourceTree = BUILT_PRODUCTS_DIR; };
		DA8AD6942885ADC9005D6CDB /* PlogUITests.swift */ = {isa = PBXFileReference; lastKnownFileType = sourcecode.swift; path = PlogUITests.swift; sourceTree = "<group>"; };
		DA8AD6962885ADC9005D6CDB /* PlogUITestsLaunchTests.swift */ = {isa = PBXFileReference; lastKnownFileType = sourcecode.swift; path = PlogUITestsLaunchTests.swift; sourceTree = "<group>"; };
		DA9E860D28AFF24200F08DA3 /* GoogleService-Info.plist */ = {isa = PBXFileReference; fileEncoding = 4; lastKnownFileType = text.plist.xml; name = "GoogleService-Info.plist"; path = "../../../Downloads/GoogleService-Info.plist"; sourceTree = "<group>"; };
		DAA139BA28958AD4007D03F8 /* DiscussionBoardStoryboard.storyboard */ = {isa = PBXFileReference; lastKnownFileType = file.storyboard; path = DiscussionBoardStoryboard.storyboard; sourceTree = "<group>"; };
		DAA139BC28958AF6007D03F8 /* DiscussionBoardViewController.swift */ = {isa = PBXFileReference; lastKnownFileType = sourcecode.swift; path = DiscussionBoardViewController.swift; sourceTree = "<group>"; };
		DAA139BE28959672007D03F8 /* DiscussionRegister.storyboard */ = {isa = PBXFileReference; lastKnownFileType = file.storyboard; path = DiscussionRegister.storyboard; sourceTree = "<group>"; };
		DAA139C028959684007D03F8 /* DiscussionRegisterViewController.swift */ = {isa = PBXFileReference; lastKnownFileType = sourcecode.swift; path = DiscussionRegisterViewController.swift; sourceTree = "<group>"; };
		DADAFC8328B1465A00016F7B /* Weather.swift */ = {isa = PBXFileReference; lastKnownFileType = sourcecode.swift; path = Weather.swift; sourceTree = "<group>"; };
		DADAFC8528B146F400016F7B /* WeatherService.swift */ = {isa = PBXFileReference; lastKnownFileType = sourcecode.swift; path = WeatherService.swift; sourceTree = "<group>"; };
/* End PBXFileReference section */

/* Begin PBXFrameworksBuildPhase section */
		DA8AD66D2885ADC8005D6CDB /* Frameworks */ = {
			isa = PBXFrameworksBuildPhase;
			buildActionMask = 2147483647;
			files = (
				E9AF9627418F6254EC6028BE /* Pods_Plog.framework in Frameworks */,
				D94F6E6428AB69D400668AEA /* FirebaseAuth in Frameworks */,
				937CDB9728A9360F00716FB0 /* FirebaseFirestore in Frameworks */,
				D94F6E6828AB69D400668AEA /* FirebaseFirestoreSwift in Frameworks */,
				D94F6E6228AB69D400668AEA /* FirebaseAnalytics in Frameworks */,
				D94F6E6A28AB69D400668AEA /* FirebaseStorage in Frameworks */,
				937CDB9928A9360F00716FB0 /* FirebaseFirestoreSwift in Frameworks */,
				D94F6E6628AB69D400668AEA /* FirebaseFirestore in Frameworks */,
			);
			runOnlyForDeploymentPostprocessing = 0;
		};
		DA8AD6832885ADC9005D6CDB /* Frameworks */ = {
			isa = PBXFrameworksBuildPhase;
			buildActionMask = 2147483647;
			files = (
				097D12D4B67243A2EF18583D /* Pods_PlogTests.framework in Frameworks */,
			);
			runOnlyForDeploymentPostprocessing = 0;
		};
		DA8AD68D2885ADC9005D6CDB /* Frameworks */ = {
			isa = PBXFrameworksBuildPhase;
			buildActionMask = 2147483647;
			files = (
				88AA055A7226715DE4F3220C /* Pods_Plog_PlogUITests.framework in Frameworks */,
			);
			runOnlyForDeploymentPostprocessing = 0;
		};
/* End PBXFrameworksBuildPhase section */

/* Begin PBXGroup section */
		809C067B38765EE62737CD48 /* Pods */ = {
			isa = PBXGroup;
			children = (
				389A06A7B17BC18718521256 /* Pods-Plog.debug.xcconfig */,
				6E9821DEF4B02E92A221CBA1 /* Pods-Plog.release.xcconfig */,
				9C96160A7619FAD32B3252CB /* Pods-Plog-PlogUITests.debug.xcconfig */,
				08573B2F1ECBC405974A995A /* Pods-Plog-PlogUITests.release.xcconfig */,
				844E62F16F32CC113DCC5D28 /* Pods-PlogTests.debug.xcconfig */,
				0A4FACD04045900C4C574D87 /* Pods-PlogTests.release.xcconfig */,
			);
			path = Pods;
			sourceTree = "<group>";
		};
		BFF0C86F644007D44D83EBC7 /* Frameworks */ = {
			isa = PBXGroup;
			children = (
				41E89DE3870356537BAE4474 /* Pods_Plog.framework */,
				426F5EAEB1EA8E3A67A04D11 /* Pods_Plog_PlogUITests.framework */,
				23BDD6D08A226BC67D3CA5C8 /* Pods_PlogTests.framework */,
			);
			name = Frameworks;
			sourceTree = "<group>";
		};
		DA33642A288C558100166C6C /* View */ = {
			isa = PBXGroup;
			children = (
				DA8AD67E2885ADC9005D6CDB /* LaunchScreen.storyboard */,
				D9A073DF28A090F300A2E023 /* Login.storyboard */,
				D9A073EB28A0A60E00A2E023 /* TabBar.storyboard */,
				D9822B3828A0F1A7002CB5EB /* Main.storyboard */,
				D9A073E328A0988F00A2E023 /* Plogging.storyboard */,
				D91B22C528A0C03D00E96664 /* RecyclingStation.storyboard */,
				D91B22C928A0CD4900E96664 /* CourseReview.storyboard */,
				DA336420288C4F6500166C6C /* Community.storyboard */,
				DA336426288C506100166C6C /* CourseBoard.storyboard */,
				DA336422288C4FFA00166C6C /* ApostDetail.storyboard */,
				DAA139BA28958AD4007D03F8 /* DiscussionBoardStoryboard.storyboard */,
				93B4903728980126009BAFED /* DiscussionPost.storyboard */,
				DAA139BE28959672007D03F8 /* DiscussionRegister.storyboard */,
				93045252289F945F0094FE7E /* MainGroupListScreen.storyboard */,
				D94F6E5C28AB3CE800668AEA /* dbTest.storyboard */,
			);
			path = View;
			sourceTree = "<group>";
		};
		DA8AD6672885ADC8005D6CDB = {
			isa = PBXGroup;
			children = (
				DA8AD6722885ADC8005D6CDB /* Plog */,
				DA8AD6892885ADC9005D6CDB /* PlogTests */,
				DA8AD6932885ADC9005D6CDB /* PlogUITests */,
				DA8AD6712885ADC8005D6CDB /* Products */,
				809C067B38765EE62737CD48 /* Pods */,
				BFF0C86F644007D44D83EBC7 /* Frameworks */,
			);
			sourceTree = "<group>";
		};
		DA8AD6712885ADC8005D6CDB /* Products */ = {
			isa = PBXGroup;
			children = (
				DA8AD6702885ADC8005D6CDB /* Plog.app */,
				DA8AD6862885ADC9005D6CDB /* PlogTests.xctest */,
				DA8AD6902885ADC9005D6CDB /* PlogUITests.xctest */,
			);
			name = Products;
			sourceTree = "<group>";
		};
		DA8AD6722885ADC8005D6CDB /* Plog */ = {
			isa = PBXGroup;
			children = (
				DA8AD6732885ADC8005D6CDB /* AppDelegate.swift */,
				DA8AD6752885ADC8005D6CDB /* SceneDelegate.swift */,
				DA8AD6772885ADC8005D6CDB /* ViewController.swift */,
				DA33642B288C56A000166C6C /* CommunityViewController.swift */,
				DAA139BC28958AF6007D03F8 /* DiscussionBoardViewController.swift */,
				DA33642D288C56D300166C6C /* ApostDetailViewController.swift */,
				DA336431288C56F800166C6C /* CourseBoardViewController.swift */,
				DAA139C028959684007D03F8 /* DiscussionRegisterViewController.swift */,
				DA33642A288C558100166C6C /* View */,
				DA8AD67C2885ADC9005D6CDB /* Assets.xcassets */,
				93142230288FA55200134564 /* DiscussionPostViewController.swift */,
				93142239288FC8C400134564 /* Groups.swift */,
				937C8F9D288FF49600E0D145 /* TextLimiter.swift */,
				93C8B1D4289372DF00B196F7 /* KeyboardHandler.swift */,
				937C8F9F288FF4A700E0D145 /* ConvertDayList.swift */,
				DADAFC8528B146F400016F7B /* WeatherService.swift */,
				937C8FA1288FF4B300E0D145 /* ConvertTrashList.swift */,
				937C8F9B288FF46B00E0D145 /* SideOfTheForce.swift */,
				937C8FA3288FF53000E0D145 /* ChosenGroup.swift */,
				937C8F8D288FF28B00E0D145 /* MainGroupListView.swift */,
				937C8F8F288FF2B500E0D145 /* AllGroupListView.swift */,
				937C8F91288FF30900E0D145 /* MyGroupListView.swift */,
				937C8F93288FF31D00E0D145 /* GroupCell.swift */,
				937C8F95288FF32B00E0D145 /* ComposeGroupView.swift */,
				DADAFC8328B1465A00016F7B /* Weather.swift */,
				937C8F97288FF33700E0D145 /* JoinGroupView.swift */,
				937C8F99288FF34600E0D145 /* GroupDetailView.swift */,
				DA8AD6812885ADC9005D6CDB /* Info.plist */,
				DA9E860D28AFF24200F08DA3 /* GoogleService-Info.plist */,
				D9A073E128A0915500A2E023 /* LoginViewController.swift */,
				937CDB8428A4A1EA00716FB0 /* recyclingData.swift */,
				D9DA400828B7717700E134D3 /* recyclingData_dalseo.swift */,
				D9A073E728A09DFD00A2E023 /* PloggingViewController.swift */,
				D91B22C728A0C06100E96664 /* RecyclingStationViewController.swift */,
				D91B22CB28A0CD7B00E96664 /* CourseReviewViewController.swift */,
				D94F6E5E28AB403500668AEA /* dbTestViewController.swift */,
			);
			path = Plog;
			sourceTree = "<group>";
		};
		DA8AD6892885ADC9005D6CDB /* PlogTests */ = {
			isa = PBXGroup;
			children = (
				DA8AD68A2885ADC9005D6CDB /* PlogTests.swift */,
			);
			path = PlogTests;
			sourceTree = "<group>";
		};
		DA8AD6932885ADC9005D6CDB /* PlogUITests */ = {
			isa = PBXGroup;
			children = (
				DA8AD6942885ADC9005D6CDB /* PlogUITests.swift */,
				DA8AD6962885ADC9005D6CDB /* PlogUITestsLaunchTests.swift */,
			);
			path = PlogUITests;
			sourceTree = "<group>";
		};
/* End PBXGroup section */

/* Begin PBXNativeTarget section */
		DA8AD66F2885ADC8005D6CDB /* Plog */ = {
			isa = PBXNativeTarget;
			buildConfigurationList = DA8AD69A2885ADC9005D6CDB /* Build configuration list for PBXNativeTarget "Plog" */;
			buildPhases = (
				797308D13370F2899044270F /* [CP] Check Pods Manifest.lock */,
				DA8AD66C2885ADC8005D6CDB /* Sources */,
				DA8AD66D2885ADC8005D6CDB /* Frameworks */,
				DA8AD66E2885ADC8005D6CDB /* Resources */,
				1814B634ADD732D9DD71A8DF /* [CP] Embed Pods Frameworks */,
			);
			buildRules = (
			);
			dependencies = (
			);
			name = Plog;
			packageProductDependencies = (
				937CDB9628A9360F00716FB0 /* FirebaseFirestore */,
				937CDB9828A9360F00716FB0 /* FirebaseFirestoreSwift */,
				D94F6E6128AB69D400668AEA /* FirebaseAnalytics */,
				D94F6E6328AB69D400668AEA /* FirebaseAuth */,
				D94F6E6528AB69D400668AEA /* FirebaseFirestore */,
				D94F6E6728AB69D400668AEA /* FirebaseFirestoreSwift */,
				D94F6E6928AB69D400668AEA /* FirebaseStorage */,
			);
			productName = Plog;
			productReference = DA8AD6702885ADC8005D6CDB /* Plog.app */;
			productType = "com.apple.product-type.application";
		};
		DA8AD6852885ADC9005D6CDB /* PlogTests */ = {
			isa = PBXNativeTarget;
			buildConfigurationList = DA8AD69D2885ADC9005D6CDB /* Build configuration list for PBXNativeTarget "PlogTests" */;
			buildPhases = (
				F03FADF37C4C02CDFC81DBC3 /* [CP] Check Pods Manifest.lock */,
				DA8AD6822885ADC9005D6CDB /* Sources */,
				DA8AD6832885ADC9005D6CDB /* Frameworks */,
				DA8AD6842885ADC9005D6CDB /* Resources */,
			);
			buildRules = (
			);
			dependencies = (
				DA8AD6882885ADC9005D6CDB /* PBXTargetDependency */,
			);
			name = PlogTests;
			productName = PlogTests;
			productReference = DA8AD6862885ADC9005D6CDB /* PlogTests.xctest */;
			productType = "com.apple.product-type.bundle.unit-test";
		};
		DA8AD68F2885ADC9005D6CDB /* PlogUITests */ = {
			isa = PBXNativeTarget;
			buildConfigurationList = DA8AD6A02885ADC9005D6CDB /* Build configuration list for PBXNativeTarget "PlogUITests" */;
			buildPhases = (
				CCC05C152B439C0B80F6EC76 /* [CP] Check Pods Manifest.lock */,
				DA8AD68C2885ADC9005D6CDB /* Sources */,
				DA8AD68D2885ADC9005D6CDB /* Frameworks */,
				DA8AD68E2885ADC9005D6CDB /* Resources */,
				2230703AC1BE79EC8D934770 /* [CP] Embed Pods Frameworks */,
			);
			buildRules = (
			);
			dependencies = (
				DA8AD6922885ADC9005D6CDB /* PBXTargetDependency */,
			);
			name = PlogUITests;
			productName = PlogUITests;
			productReference = DA8AD6902885ADC9005D6CDB /* PlogUITests.xctest */;
			productType = "com.apple.product-type.bundle.ui-testing";
		};
/* End PBXNativeTarget section */

/* Begin PBXProject section */
		DA8AD6682885ADC8005D6CDB /* Project object */ = {
			isa = PBXProject;
			attributes = {
				BuildIndependentTargetsInParallel = 1;
				LastSwiftUpdateCheck = 1320;
				LastUpgradeCheck = 1320;
				TargetAttributes = {
					DA8AD66F2885ADC8005D6CDB = {
						CreatedOnToolsVersion = 13.2.1;
					};
					DA8AD6852885ADC9005D6CDB = {
						CreatedOnToolsVersion = 13.2.1;
						TestTargetID = DA8AD66F2885ADC8005D6CDB;
					};
					DA8AD68F2885ADC9005D6CDB = {
						CreatedOnToolsVersion = 13.2.1;
						TestTargetID = DA8AD66F2885ADC8005D6CDB;
					};
				};
			};
			buildConfigurationList = DA8AD66B2885ADC8005D6CDB /* Build configuration list for PBXProject "Plog" */;
			compatibilityVersion = "Xcode 13.0";
			developmentRegion = en;
			hasScannedForEncodings = 0;
			knownRegions = (
				en,
				Base,
			);
			mainGroup = DA8AD6672885ADC8005D6CDB;
			packageReferences = (
				937CDB9528A9360F00716FB0 /* XCRemoteSwiftPackageReference "firebase-ios-sdk" */,
			);
			productRefGroup = DA8AD6712885ADC8005D6CDB /* Products */;
			projectDirPath = "";
			projectRoot = "";
			targets = (
				DA8AD66F2885ADC8005D6CDB /* Plog */,
				DA8AD6852885ADC9005D6CDB /* PlogTests */,
				DA8AD68F2885ADC9005D6CDB /* PlogUITests */,
			);
		};
/* End PBXProject section */

/* Begin PBXResourcesBuildPhase section */
		DA8AD66E2885ADC8005D6CDB /* Resources */ = {
			isa = PBXResourcesBuildPhase;
			buildActionMask = 2147483647;
			files = (
				DAA139BB28958AD4007D03F8 /* DiscussionBoardStoryboard.storyboard in Resources */,
				D91B22C628A0C03D00E96664 /* RecyclingStation.storyboard in Resources */,
				DAA139BF28959672007D03F8 /* DiscussionRegister.storyboard in Resources */,
				D94F6E5D28AB3CE800668AEA /* dbTest.storyboard in Resources */,
				DA8AD6802885ADC9005D6CDB /* LaunchScreen.storyboard in Resources */,
				DA8AD67D2885ADC9005D6CDB /* Assets.xcassets in Resources */,
				DA336423288C4FFA00166C6C /* ApostDetail.storyboard in Resources */,
				DA336427288C506100166C6C /* CourseBoard.storyboard in Resources */,
				93B4903828980126009BAFED /* DiscussionPost.storyboard in Resources */,
				D91B22CA28A0CD4900E96664 /* CourseReview.storyboard in Resources */,
				D9A073EC28A0A60E00A2E023 /* TabBar.storyboard in Resources */,
				D9822B3A28A0F1A7002CB5EB /* Main.storyboard in Resources */,
				DA9E860E28AFF24200F08DA3 /* GoogleService-Info.plist in Resources */,
				93045253289F945F0094FE7E /* MainGroupListScreen.storyboard in Resources */,
				D9A073E428A0988F00A2E023 /* Plogging.storyboard in Resources */,
				DA336421288C4F6500166C6C /* Community.storyboard in Resources */,
				D9A073E028A090F300A2E023 /* Login.storyboard in Resources */,
			);
			runOnlyForDeploymentPostprocessing = 0;
		};
		DA8AD6842885ADC9005D6CDB /* Resources */ = {
			isa = PBXResourcesBuildPhase;
			buildActionMask = 2147483647;
			files = (
			);
			runOnlyForDeploymentPostprocessing = 0;
		};
		DA8AD68E2885ADC9005D6CDB /* Resources */ = {
			isa = PBXResourcesBuildPhase;
			buildActionMask = 2147483647;
			files = (
			);
			runOnlyForDeploymentPostprocessing = 0;
		};
/* End PBXResourcesBuildPhase section */

/* Begin PBXShellScriptBuildPhase section */
		1814B634ADD732D9DD71A8DF /* [CP] Embed Pods Frameworks */ = {
			isa = PBXShellScriptBuildPhase;
			buildActionMask = 2147483647;
			files = (
			);
			inputFileListPaths = (
				"${PODS_ROOT}/Target Support Files/Pods-Plog/Pods-Plog-frameworks-${CONFIGURATION}-input-files.xcfilelist",
			);
			name = "[CP] Embed Pods Frameworks";
			outputFileListPaths = (
				"${PODS_ROOT}/Target Support Files/Pods-Plog/Pods-Plog-frameworks-${CONFIGURATION}-output-files.xcfilelist",
			);
			runOnlyForDeploymentPostprocessing = 0;
			shellPath = /bin/sh;
			shellScript = "\"${PODS_ROOT}/Target Support Files/Pods-Plog/Pods-Plog-frameworks.sh\"\n";
			showEnvVarsInLog = 0;
		};
		2230703AC1BE79EC8D934770 /* [CP] Embed Pods Frameworks */ = {
			isa = PBXShellScriptBuildPhase;
			buildActionMask = 2147483647;
			files = (
			);
			inputFileListPaths = (
				"${PODS_ROOT}/Target Support Files/Pods-Plog-PlogUITests/Pods-Plog-PlogUITests-frameworks-${CONFIGURATION}-input-files.xcfilelist",
			);
			name = "[CP] Embed Pods Frameworks";
			outputFileListPaths = (
				"${PODS_ROOT}/Target Support Files/Pods-Plog-PlogUITests/Pods-Plog-PlogUITests-frameworks-${CONFIGURATION}-output-files.xcfilelist",
			);
			runOnlyForDeploymentPostprocessing = 0;
			shellPath = /bin/sh;
			shellScript = "\"${PODS_ROOT}/Target Support Files/Pods-Plog-PlogUITests/Pods-Plog-PlogUITests-frameworks.sh\"\n";
			showEnvVarsInLog = 0;
		};
		797308D13370F2899044270F /* [CP] Check Pods Manifest.lock */ = {
			isa = PBXShellScriptBuildPhase;
			buildActionMask = 2147483647;
			files = (
			);
			inputFileListPaths = (
			);
			inputPaths = (
				"${PODS_PODFILE_DIR_PATH}/Podfile.lock",
				"${PODS_ROOT}/Manifest.lock",
			);
			name = "[CP] Check Pods Manifest.lock";
			outputFileListPaths = (
			);
			outputPaths = (
				"$(DERIVED_FILE_DIR)/Pods-Plog-checkManifestLockResult.txt",
			);
			runOnlyForDeploymentPostprocessing = 0;
			shellPath = /bin/sh;
			shellScript = "diff \"${PODS_PODFILE_DIR_PATH}/Podfile.lock\" \"${PODS_ROOT}/Manifest.lock\" > /dev/null\nif [ $? != 0 ] ; then\n    # print error to STDERR\n    echo \"error: The sandbox is not in sync with the Podfile.lock. Run 'pod install' or update your CocoaPods installation.\" >&2\n    exit 1\nfi\n# This output is used by Xcode 'outputs' to avoid re-running this script phase.\necho \"SUCCESS\" > \"${SCRIPT_OUTPUT_FILE_0}\"\n";
			showEnvVarsInLog = 0;
		};
		CCC05C152B439C0B80F6EC76 /* [CP] Check Pods Manifest.lock */ = {
			isa = PBXShellScriptBuildPhase;
			buildActionMask = 2147483647;
			files = (
			);
			inputFileListPaths = (
			);
			inputPaths = (
				"${PODS_PODFILE_DIR_PATH}/Podfile.lock",
				"${PODS_ROOT}/Manifest.lock",
			);
			name = "[CP] Check Pods Manifest.lock";
			outputFileListPaths = (
			);
			outputPaths = (
				"$(DERIVED_FILE_DIR)/Pods-Plog-PlogUITests-checkManifestLockResult.txt",
			);
			runOnlyForDeploymentPostprocessing = 0;
			shellPath = /bin/sh;
			shellScript = "diff \"${PODS_PODFILE_DIR_PATH}/Podfile.lock\" \"${PODS_ROOT}/Manifest.lock\" > /dev/null\nif [ $? != 0 ] ; then\n    # print error to STDERR\n    echo \"error: The sandbox is not in sync with the Podfile.lock. Run 'pod install' or update your CocoaPods installation.\" >&2\n    exit 1\nfi\n# This output is used by Xcode 'outputs' to avoid re-running this script phase.\necho \"SUCCESS\" > \"${SCRIPT_OUTPUT_FILE_0}\"\n";
			showEnvVarsInLog = 0;
		};
		F03FADF37C4C02CDFC81DBC3 /* [CP] Check Pods Manifest.lock */ = {
			isa = PBXShellScriptBuildPhase;
			buildActionMask = 2147483647;
			files = (
			);
			inputFileListPaths = (
			);
			inputPaths = (
				"${PODS_PODFILE_DIR_PATH}/Podfile.lock",
				"${PODS_ROOT}/Manifest.lock",
			);
			name = "[CP] Check Pods Manifest.lock";
			outputFileListPaths = (
			);
			outputPaths = (
				"$(DERIVED_FILE_DIR)/Pods-PlogTests-checkManifestLockResult.txt",
			);
			runOnlyForDeploymentPostprocessing = 0;
			shellPath = /bin/sh;
			shellScript = "diff \"${PODS_PODFILE_DIR_PATH}/Podfile.lock\" \"${PODS_ROOT}/Manifest.lock\" > /dev/null\nif [ $? != 0 ] ; then\n    # print error to STDERR\n    echo \"error: The sandbox is not in sync with the Podfile.lock. Run 'pod install' or update your CocoaPods installation.\" >&2\n    exit 1\nfi\n# This output is used by Xcode 'outputs' to avoid re-running this script phase.\necho \"SUCCESS\" > \"${SCRIPT_OUTPUT_FILE_0}\"\n";
			showEnvVarsInLog = 0;
		};
/* End PBXShellScriptBuildPhase section */

/* Begin PBXSourcesBuildPhase section */
		DA8AD66C2885ADC8005D6CDB /* Sources */ = {
			isa = PBXSourcesBuildPhase;
			buildActionMask = 2147483647;
			files = (
				D9A073E228A0915500A2E023 /* LoginViewController.swift in Sources */,
				DA336432288C56F800166C6C /* CourseBoardViewController.swift in Sources */,
				DAA139BD28958AF6007D03F8 /* DiscussionBoardViewController.swift in Sources */,
				DA33642E288C56D300166C6C /* ApostDetailViewController.swift in Sources */,
				DA33642C288C56A000166C6C /* CommunityViewController.swift in Sources */,
				DA8AD6782885ADC8005D6CDB /* ViewController.swift in Sources */,
				D9DA400928B7717700E134D3 /* recyclingData_dalseo.swift in Sources */,
				DA8AD6742885ADC8005D6CDB /* AppDelegate.swift in Sources */,
				DAA139C128959684007D03F8 /* DiscussionRegisterViewController.swift in Sources */,
				937C8F90288FF2B500E0D145 /* AllGroupListView.swift in Sources */,
				937C8FA4288FF53000E0D145 /* ChosenGroup.swift in Sources */,
				937C8F96288FF32B00E0D145 /* ComposeGroupView.swift in Sources */,
				937C8FA2288FF4B300E0D145 /* ConvertTrashList.swift in Sources */,
				D91B22C828A0C06100E96664 /* RecyclingStationViewController.swift in Sources */,
				DADAFC8628B146F400016F7B /* WeatherService.swift in Sources */,
				937C8F9A288FF34600E0D145 /* GroupDetailView.swift in Sources */,
				937C8F8E288FF28B00E0D145 /* MainGroupListView.swift in Sources */,
				937C8F98288FF33700E0D145 /* JoinGroupView.swift in Sources */,
				D91B22CC28A0CD7B00E96664 /* CourseReviewViewController.swift in Sources */,
				937C8F94288FF31D00E0D145 /* GroupCell.swift in Sources */,
				D9A073E828A09DFD00A2E023 /* PloggingViewController.swift in Sources */,
				D94F6E5F28AB403500668AEA /* dbTestViewController.swift in Sources */,
				937C8F9E288FF49600E0D145 /* TextLimiter.swift in Sources */,
				937C8FA0288FF4A700E0D145 /* ConvertDayList.swift in Sources */,
				937C8F92288FF30900E0D145 /* MyGroupListView.swift in Sources */,
				937C8F9C288FF46B00E0D145 /* SideOfTheForce.swift in Sources */,
				DADAFC8428B1465A00016F7B /* Weather.swift in Sources */,
				937CDB8528A4A1EA00716FB0 /* recyclingData.swift in Sources */,
				DA8AD6782885ADC8005D6CDB /* ViewController.swift in Sources */,
				DA8AD6742885ADC8005D6CDB /* AppDelegate.swift in Sources */,
				93142231288FA55200134564 /* DiscussionPostViewController.swift in Sources */,
				DA8AD6762885ADC8005D6CDB /* SceneDelegate.swift in Sources */,
				9314223A288FC8C400134564 /* Groups.swift in Sources */,
				93C8B1D5289372DF00B196F7 /* KeyboardHandler.swift in Sources */,
			);
			runOnlyForDeploymentPostprocessing = 0;
		};
		DA8AD6822885ADC9005D6CDB /* Sources */ = {
			isa = PBXSourcesBuildPhase;
			buildActionMask = 2147483647;
			files = (
				DA8AD68B2885ADC9005D6CDB /* PlogTests.swift in Sources */,
			);
			runOnlyForDeploymentPostprocessing = 0;
		};
		DA8AD68C2885ADC9005D6CDB /* Sources */ = {
			isa = PBXSourcesBuildPhase;
			buildActionMask = 2147483647;
			files = (
				DA8AD6972885ADC9005D6CDB /* PlogUITestsLaunchTests.swift in Sources */,
				DA8AD6952885ADC9005D6CDB /* PlogUITests.swift in Sources */,
			);
			runOnlyForDeploymentPostprocessing = 0;
		};
/* End PBXSourcesBuildPhase section */

/* Begin PBXTargetDependency section */
		DA8AD6882885ADC9005D6CDB /* PBXTargetDependency */ = {
			isa = PBXTargetDependency;
			target = DA8AD66F2885ADC8005D6CDB /* Plog */;
			targetProxy = DA8AD6872885ADC9005D6CDB /* PBXContainerItemProxy */;
		};
		DA8AD6922885ADC9005D6CDB /* PBXTargetDependency */ = {
			isa = PBXTargetDependency;
			target = DA8AD66F2885ADC8005D6CDB /* Plog */;
			targetProxy = DA8AD6912885ADC9005D6CDB /* PBXContainerItemProxy */;
		};
/* End PBXTargetDependency section */

/* Begin PBXVariantGroup section */
		D9822B3828A0F1A7002CB5EB /* Main.storyboard */ = {
			isa = PBXVariantGroup;
			children = (
				D9822B3928A0F1A7002CB5EB /* Base */,
			);
			name = Main.storyboard;
			sourceTree = "<group>";
		};
		DA8AD67E2885ADC9005D6CDB /* LaunchScreen.storyboard */ = {
			isa = PBXVariantGroup;
			children = (
				DA8AD67F2885ADC9005D6CDB /* Base */,
			);
			name = LaunchScreen.storyboard;
			sourceTree = "<group>";
		};
/* End PBXVariantGroup section */

/* Begin XCBuildConfiguration section */
		DA8AD6982885ADC9005D6CDB /* Debug */ = {
			isa = XCBuildConfiguration;
			buildSettings = {
				ALWAYS_SEARCH_USER_PATHS = NO;
				CLANG_ANALYZER_NONNULL = YES;
				CLANG_ANALYZER_NUMBER_OBJECT_CONVERSION = YES_AGGRESSIVE;
				CLANG_CXX_LANGUAGE_STANDARD = "gnu++17";
				CLANG_CXX_LIBRARY = "libc++";
				CLANG_ENABLE_MODULES = YES;
				CLANG_ENABLE_OBJC_ARC = YES;
				CLANG_ENABLE_OBJC_WEAK = YES;
				CLANG_WARN_BLOCK_CAPTURE_AUTORELEASING = YES;
				CLANG_WARN_BOOL_CONVERSION = YES;
				CLANG_WARN_COMMA = YES;
				CLANG_WARN_CONSTANT_CONVERSION = YES;
				CLANG_WARN_DEPRECATED_OBJC_IMPLEMENTATIONS = YES;
				CLANG_WARN_DIRECT_OBJC_ISA_USAGE = YES_ERROR;
				CLANG_WARN_DOCUMENTATION_COMMENTS = YES;
				CLANG_WARN_EMPTY_BODY = YES;
				CLANG_WARN_ENUM_CONVERSION = YES;
				CLANG_WARN_INFINITE_RECURSION = YES;
				CLANG_WARN_INT_CONVERSION = YES;
				CLANG_WARN_NON_LITERAL_NULL_CONVERSION = YES;
				CLANG_WARN_OBJC_IMPLICIT_RETAIN_SELF = YES;
				CLANG_WARN_OBJC_LITERAL_CONVERSION = YES;
				CLANG_WARN_OBJC_ROOT_CLASS = YES_ERROR;
				CLANG_WARN_QUOTED_INCLUDE_IN_FRAMEWORK_HEADER = YES;
				CLANG_WARN_RANGE_LOOP_ANALYSIS = YES;
				CLANG_WARN_STRICT_PROTOTYPES = YES;
				CLANG_WARN_SUSPICIOUS_MOVE = YES;
				CLANG_WARN_UNGUARDED_AVAILABILITY = YES_AGGRESSIVE;
				CLANG_WARN_UNREACHABLE_CODE = YES;
				CLANG_WARN__DUPLICATE_METHOD_MATCH = YES;
				COPY_PHASE_STRIP = NO;
				DEBUG_INFORMATION_FORMAT = dwarf;
				ENABLE_STRICT_OBJC_MSGSEND = YES;
				ENABLE_TESTABILITY = YES;
				GCC_C_LANGUAGE_STANDARD = gnu11;
				GCC_DYNAMIC_NO_PIC = NO;
				GCC_NO_COMMON_BLOCKS = YES;
				GCC_OPTIMIZATION_LEVEL = 0;
				GCC_PREPROCESSOR_DEFINITIONS = (
					"DEBUG=1",
					"$(inherited)",
				);
				GCC_WARN_64_TO_32_BIT_CONVERSION = YES;
				GCC_WARN_ABOUT_RETURN_TYPE = YES_ERROR;
				GCC_WARN_UNDECLARED_SELECTOR = YES;
				GCC_WARN_UNINITIALIZED_AUTOS = YES_AGGRESSIVE;
				GCC_WARN_UNUSED_FUNCTION = YES;
				GCC_WARN_UNUSED_VARIABLE = YES;
				IPHONEOS_DEPLOYMENT_TARGET = 15.2;
				MTL_ENABLE_DEBUG_INFO = INCLUDE_SOURCE;
				MTL_FAST_MATH = YES;
				ONLY_ACTIVE_ARCH = YES;
				SDKROOT = iphoneos;
				SWIFT_ACTIVE_COMPILATION_CONDITIONS = DEBUG;
				SWIFT_OPTIMIZATION_LEVEL = "-Onone";
			};
			name = Debug;
		};
		DA8AD6992885ADC9005D6CDB /* Release */ = {
			isa = XCBuildConfiguration;
			buildSettings = {
				ALWAYS_SEARCH_USER_PATHS = NO;
				CLANG_ANALYZER_NONNULL = YES;
				CLANG_ANALYZER_NUMBER_OBJECT_CONVERSION = YES_AGGRESSIVE;
				CLANG_CXX_LANGUAGE_STANDARD = "gnu++17";
				CLANG_CXX_LIBRARY = "libc++";
				CLANG_ENABLE_MODULES = YES;
				CLANG_ENABLE_OBJC_ARC = YES;
				CLANG_ENABLE_OBJC_WEAK = YES;
				CLANG_WARN_BLOCK_CAPTURE_AUTORELEASING = YES;
				CLANG_WARN_BOOL_CONVERSION = YES;
				CLANG_WARN_COMMA = YES;
				CLANG_WARN_CONSTANT_CONVERSION = YES;
				CLANG_WARN_DEPRECATED_OBJC_IMPLEMENTATIONS = YES;
				CLANG_WARN_DIRECT_OBJC_ISA_USAGE = YES_ERROR;
				CLANG_WARN_DOCUMENTATION_COMMENTS = YES;
				CLANG_WARN_EMPTY_BODY = YES;
				CLANG_WARN_ENUM_CONVERSION = YES;
				CLANG_WARN_INFINITE_RECURSION = YES;
				CLANG_WARN_INT_CONVERSION = YES;
				CLANG_WARN_NON_LITERAL_NULL_CONVERSION = YES;
				CLANG_WARN_OBJC_IMPLICIT_RETAIN_SELF = YES;
				CLANG_WARN_OBJC_LITERAL_CONVERSION = YES;
				CLANG_WARN_OBJC_ROOT_CLASS = YES_ERROR;
				CLANG_WARN_QUOTED_INCLUDE_IN_FRAMEWORK_HEADER = YES;
				CLANG_WARN_RANGE_LOOP_ANALYSIS = YES;
				CLANG_WARN_STRICT_PROTOTYPES = YES;
				CLANG_WARN_SUSPICIOUS_MOVE = YES;
				CLANG_WARN_UNGUARDED_AVAILABILITY = YES_AGGRESSIVE;
				CLANG_WARN_UNREACHABLE_CODE = YES;
				CLANG_WARN__DUPLICATE_METHOD_MATCH = YES;
				COPY_PHASE_STRIP = NO;
				DEBUG_INFORMATION_FORMAT = "dwarf-with-dsym";
				ENABLE_NS_ASSERTIONS = NO;
				ENABLE_STRICT_OBJC_MSGSEND = YES;
				GCC_C_LANGUAGE_STANDARD = gnu11;
				GCC_NO_COMMON_BLOCKS = YES;
				GCC_WARN_64_TO_32_BIT_CONVERSION = YES;
				GCC_WARN_ABOUT_RETURN_TYPE = YES_ERROR;
				GCC_WARN_UNDECLARED_SELECTOR = YES;
				GCC_WARN_UNINITIALIZED_AUTOS = YES_AGGRESSIVE;
				GCC_WARN_UNUSED_FUNCTION = YES;
				GCC_WARN_UNUSED_VARIABLE = YES;
				IPHONEOS_DEPLOYMENT_TARGET = 15.2;
				MTL_ENABLE_DEBUG_INFO = NO;
				MTL_FAST_MATH = YES;
				SDKROOT = iphoneos;
				SWIFT_COMPILATION_MODE = wholemodule;
				SWIFT_OPTIMIZATION_LEVEL = "-O";
				VALIDATE_PRODUCT = YES;
			};
			name = Release;
		};
		DA8AD69B2885ADC9005D6CDB /* Debug */ = {
			isa = XCBuildConfiguration;
			baseConfigurationReference = 389A06A7B17BC18718521256 /* Pods-Plog.debug.xcconfig */;
			buildSettings = {
				ASSETCATALOG_COMPILER_APPICON_NAME = AppIcon;
				ASSETCATALOG_COMPILER_GLOBAL_ACCENT_COLOR_NAME = AccentColor;
				CODE_SIGN_STYLE = Automatic;
				CURRENT_PROJECT_VERSION = 1;
				DEVELOPMENT_TEAM = CJ24NGBAVA;
				GENERATE_INFOPLIST_FILE = YES;
				INFOPLIST_FILE = Plog/Info.plist;
				INFOPLIST_KEY_NSLocationAlwaysAndWhenInUseUsageDescription = "위치 권한 설정";
				INFOPLIST_KEY_NSLocationAlwaysUsageDescription = "위치 권한 요청";
				INFOPLIST_KEY_NSLocationWhenInUseUsageDescription = "위치 권한 설정(사용 중에만 허용)";
				INFOPLIST_KEY_NSPhotoLibraryAddUsageDescription = "사진 앨범 접근";
				INFOPLIST_KEY_UIApplicationSupportsIndirectInputEvents = YES;
				INFOPLIST_KEY_UILaunchStoryboardName = LaunchScreen;
				INFOPLIST_KEY_UIMainStoryboardFile = Login;
				INFOPLIST_KEY_UISupportedInterfaceOrientations_iPad = "UIInterfaceOrientationPortrait UIInterfaceOrientationPortraitUpsideDown UIInterfaceOrientationLandscapeLeft UIInterfaceOrientationLandscapeRight";
				INFOPLIST_KEY_UISupportedInterfaceOrientations_iPhone = "UIInterfaceOrientationPortrait UIInterfaceOrientationLandscapeLeft UIInterfaceOrientationLandscapeRight";
				INFOPLIST_KEY_UIUserInterfaceStyle = Light;
				IPHONEOS_DEPLOYMENT_TARGET = 15.5;
				LD_RUNPATH_SEARCH_PATHS = (
					"$(inherited)",
					"@executable_path/Frameworks",
				);
				MARKETING_VERSION = 1.0;
				PRODUCT_BUNDLE_IDENTIFIER = com.smcs.Plog;
				PRODUCT_NAME = "$(TARGET_NAME)";
				SWIFT_EMIT_LOC_STRINGS = YES;
				SWIFT_VERSION = 5.0;
				TARGETED_DEVICE_FAMILY = 1;
			};
			name = Debug;
		};
		DA8AD69C2885ADC9005D6CDB /* Release */ = {
			isa = XCBuildConfiguration;
			baseConfigurationReference = 6E9821DEF4B02E92A221CBA1 /* Pods-Plog.release.xcconfig */;
			buildSettings = {
				ASSETCATALOG_COMPILER_APPICON_NAME = AppIcon;
				ASSETCATALOG_COMPILER_GLOBAL_ACCENT_COLOR_NAME = AccentColor;
				CODE_SIGN_STYLE = Automatic;
				CURRENT_PROJECT_VERSION = 1;
				DEVELOPMENT_TEAM = CJ24NGBAVA;
				GENERATE_INFOPLIST_FILE = YES;
				INFOPLIST_FILE = Plog/Info.plist;
				INFOPLIST_KEY_NSLocationAlwaysAndWhenInUseUsageDescription = "위치 권한 설정";
				INFOPLIST_KEY_NSLocationAlwaysUsageDescription = "위치 권한 요청";
				INFOPLIST_KEY_NSLocationWhenInUseUsageDescription = "위치 권한 설정(사용 중에만 허용)";
				INFOPLIST_KEY_NSPhotoLibraryAddUsageDescription = "사진 앨범 접근";
				INFOPLIST_KEY_UIApplicationSupportsIndirectInputEvents = YES;
				INFOPLIST_KEY_UILaunchStoryboardName = LaunchScreen;
				INFOPLIST_KEY_UIMainStoryboardFile = Login;
				INFOPLIST_KEY_UISupportedInterfaceOrientations_iPad = "UIInterfaceOrientationPortrait UIInterfaceOrientationPortraitUpsideDown UIInterfaceOrientationLandscapeLeft UIInterfaceOrientationLandscapeRight";
				INFOPLIST_KEY_UISupportedInterfaceOrientations_iPhone = "UIInterfaceOrientationPortrait UIInterfaceOrientationLandscapeLeft UIInterfaceOrientationLandscapeRight";
				INFOPLIST_KEY_UIUserInterfaceStyle = Light;
				IPHONEOS_DEPLOYMENT_TARGET = 15.5;
				LD_RUNPATH_SEARCH_PATHS = (
					"$(inherited)",
					"@executable_path/Frameworks",
				);
				MARKETING_VERSION = 1.0;
				PRODUCT_BUNDLE_IDENTIFIER = com.smcs.Plog;
				PRODUCT_NAME = "$(TARGET_NAME)";
				SWIFT_EMIT_LOC_STRINGS = YES;
				SWIFT_VERSION = 5.0;
				TARGETED_DEVICE_FAMILY = 1;
			};
			name = Release;
		};
		DA8AD69E2885ADC9005D6CDB /* Debug */ = {
			isa = XCBuildConfiguration;
			baseConfigurationReference = 844E62F16F32CC113DCC5D28 /* Pods-PlogTests.debug.xcconfig */;
			buildSettings = {
				ALWAYS_EMBED_SWIFT_STANDARD_LIBRARIES = YES;
				BUNDLE_LOADER = "$(TEST_HOST)";
				CODE_SIGN_STYLE = Automatic;
				CURRENT_PROJECT_VERSION = 1;
				GENERATE_INFOPLIST_FILE = YES;
				IPHONEOS_DEPLOYMENT_TARGET = 15.2;
				MARKETING_VERSION = 1.0;
				PRODUCT_BUNDLE_IDENTIFIER = com.smcs.PlogTests;
				PRODUCT_NAME = "$(TARGET_NAME)";
				SWIFT_EMIT_LOC_STRINGS = NO;
				SWIFT_VERSION = 5.0;
				TARGETED_DEVICE_FAMILY = "1,2";
				TEST_HOST = "$(BUILT_PRODUCTS_DIR)/Plog.app/Plog";
			};
			name = Debug;
		};
		DA8AD69F2885ADC9005D6CDB /* Release */ = {
			isa = XCBuildConfiguration;
			baseConfigurationReference = 0A4FACD04045900C4C574D87 /* Pods-PlogTests.release.xcconfig */;
			buildSettings = {
				ALWAYS_EMBED_SWIFT_STANDARD_LIBRARIES = YES;
				BUNDLE_LOADER = "$(TEST_HOST)";
				CODE_SIGN_STYLE = Automatic;
				CURRENT_PROJECT_VERSION = 1;
				GENERATE_INFOPLIST_FILE = YES;
				IPHONEOS_DEPLOYMENT_TARGET = 15.2;
				MARKETING_VERSION = 1.0;
				PRODUCT_BUNDLE_IDENTIFIER = com.smcs.PlogTests;
				PRODUCT_NAME = "$(TARGET_NAME)";
				SWIFT_EMIT_LOC_STRINGS = NO;
				SWIFT_VERSION = 5.0;
				TARGETED_DEVICE_FAMILY = "1,2";
				TEST_HOST = "$(BUILT_PRODUCTS_DIR)/Plog.app/Plog";
			};
			name = Release;
		};
		DA8AD6A12885ADC9005D6CDB /* Debug */ = {
			isa = XCBuildConfiguration;
			baseConfigurationReference = 9C96160A7619FAD32B3252CB /* Pods-Plog-PlogUITests.debug.xcconfig */;
			buildSettings = {
				ALWAYS_EMBED_SWIFT_STANDARD_LIBRARIES = YES;
				CODE_SIGN_STYLE = Automatic;
				CURRENT_PROJECT_VERSION = 1;
				DEVELOPMENT_TEAM = "";
				GENERATE_INFOPLIST_FILE = YES;
				MARKETING_VERSION = 1.0;
				PRODUCT_BUNDLE_IDENTIFIER = com.smcs.PlogUITests;
				PRODUCT_NAME = "$(TARGET_NAME)";
				SWIFT_EMIT_LOC_STRINGS = NO;
				SWIFT_VERSION = 5.0;
				TARGETED_DEVICE_FAMILY = "1,2";
				TEST_TARGET_NAME = Plog;
			};
			name = Debug;
		};
		DA8AD6A22885ADC9005D6CDB /* Release */ = {
			isa = XCBuildConfiguration;
			baseConfigurationReference = 08573B2F1ECBC405974A995A /* Pods-Plog-PlogUITests.release.xcconfig */;
			buildSettings = {
				ALWAYS_EMBED_SWIFT_STANDARD_LIBRARIES = YES;
				CODE_SIGN_STYLE = Automatic;
				CURRENT_PROJECT_VERSION = 1;
				DEVELOPMENT_TEAM = "";
				GENERATE_INFOPLIST_FILE = YES;
				MARKETING_VERSION = 1.0;
				PRODUCT_BUNDLE_IDENTIFIER = com.smcs.PlogUITests;
				PRODUCT_NAME = "$(TARGET_NAME)";
				SWIFT_EMIT_LOC_STRINGS = NO;
				SWIFT_VERSION = 5.0;
				TARGETED_DEVICE_FAMILY = "1,2";
				TEST_TARGET_NAME = Plog;
			};
			name = Release;
		};
/* End XCBuildConfiguration section */

/* Begin XCConfigurationList section */
		DA8AD66B2885ADC8005D6CDB /* Build configuration list for PBXProject "Plog" */ = {
			isa = XCConfigurationList;
			buildConfigurations = (
				DA8AD6982885ADC9005D6CDB /* Debug */,
				DA8AD6992885ADC9005D6CDB /* Release */,
			);
			defaultConfigurationIsVisible = 0;
			defaultConfigurationName = Release;
		};
		DA8AD69A2885ADC9005D6CDB /* Build configuration list for PBXNativeTarget "Plog" */ = {
			isa = XCConfigurationList;
			buildConfigurations = (
				DA8AD69B2885ADC9005D6CDB /* Debug */,
				DA8AD69C2885ADC9005D6CDB /* Release */,
			);
			defaultConfigurationIsVisible = 0;
			defaultConfigurationName = Release;
		};
		DA8AD69D2885ADC9005D6CDB /* Build configuration list for PBXNativeTarget "PlogTests" */ = {
			isa = XCConfigurationList;
			buildConfigurations = (
				DA8AD69E2885ADC9005D6CDB /* Debug */,
				DA8AD69F2885ADC9005D6CDB /* Release */,
			);
			defaultConfigurationIsVisible = 0;
			defaultConfigurationName = Release;
		};
		DA8AD6A02885ADC9005D6CDB /* Build configuration list for PBXNativeTarget "PlogUITests" */ = {
			isa = XCConfigurationList;
			buildConfigurations = (
				DA8AD6A12885ADC9005D6CDB /* Debug */,
				DA8AD6A22885ADC9005D6CDB /* Release */,
			);
			defaultConfigurationIsVisible = 0;
			defaultConfigurationName = Release;
		};
/* End XCConfigurationList section */

/* Begin XCRemoteSwiftPackageReference section */
		937CDB9528A9360F00716FB0 /* XCRemoteSwiftPackageReference "firebase-ios-sdk" */ = {
			isa = XCRemoteSwiftPackageReference;
			repositoryURL = "https://github.com/firebase/firebase-ios-sdk";
			requirement = {
				kind = upToNextMajorVersion;
				minimumVersion = 9.0.0;
			};
		};
/* End XCRemoteSwiftPackageReference section */

/* Begin XCSwiftPackageProductDependency section */
		937CDB9628A9360F00716FB0 /* FirebaseFirestore */ = {
			isa = XCSwiftPackageProductDependency;
			package = 937CDB9528A9360F00716FB0 /* XCRemoteSwiftPackageReference "firebase-ios-sdk" */;
			productName = FirebaseFirestore;
		};
		937CDB9828A9360F00716FB0 /* FirebaseFirestoreSwift */ = {
			isa = XCSwiftPackageProductDependency;
			package = 937CDB9528A9360F00716FB0 /* XCRemoteSwiftPackageReference "firebase-ios-sdk" */;
			productName = FirebaseFirestoreSwift;
		};
		D94F6E6128AB69D400668AEA /* FirebaseAnalytics */ = {
			isa = XCSwiftPackageProductDependency;
			package = 937CDB9528A9360F00716FB0 /* XCRemoteSwiftPackageReference "firebase-ios-sdk" */;
			productName = FirebaseAnalytics;
		};
		D94F6E6328AB69D400668AEA /* FirebaseAuth */ = {
			isa = XCSwiftPackageProductDependency;
			package = 937CDB9528A9360F00716FB0 /* XCRemoteSwiftPackageReference "firebase-ios-sdk" */;
			productName = FirebaseAuth;
		};
		D94F6E6528AB69D400668AEA /* FirebaseFirestore */ = {
			isa = XCSwiftPackageProductDependency;
			package = 937CDB9528A9360F00716FB0 /* XCRemoteSwiftPackageReference "firebase-ios-sdk" */;
			productName = FirebaseFirestore;
		};
		D94F6E6728AB69D400668AEA /* FirebaseFirestoreSwift */ = {
			isa = XCSwiftPackageProductDependency;
			package = 937CDB9528A9360F00716FB0 /* XCRemoteSwiftPackageReference "firebase-ios-sdk" */;
			productName = FirebaseFirestoreSwift;
		};
		D94F6E6928AB69D400668AEA /* FirebaseStorage */ = {
			isa = XCSwiftPackageProductDependency;
			package = 937CDB9528A9360F00716FB0 /* XCRemoteSwiftPackageReference "firebase-ios-sdk" */;
			productName = FirebaseStorage;
		};
/* End XCSwiftPackageProductDependency section */
	};
	rootObject = DA8AD6682885ADC8005D6CDB /* Project object */;
}
